
Microsoft Visual Studio Solution File, Format Version 12.00
# Visual Studio Version 17
VisualStudioVersion = 17.7.34031.279
MinimumVisualStudioVersion = 10.0.40219.1
Project("{FAE04EC0-301F-11D3-BF4B-00C04F79EFBC}") = "BindingNegocio", "BindingNegocio\BindingNegocio.csproj", "{C458F975-0A24-45D9-A0FA-1CF47C57E4BD}"
EndProject
Global
	GlobalSection(SolutionConfigurationPlatforms) = preSolution
		Debug|Any CPU = Debug|Any CPU
		Release|Any CPU = Release|Any CPU
	EndGlobalSection
	GlobalSection(ProjectConfigurationPlatforms) = postSolution
		{C458F975-0A24-45D9-A0FA-1CF47C57E4BD}.Debug|Any CPU.ActiveCfg = Debug|Any CPU
		{C458F975-0A24-45D9-A0FA-1CF47C57E4BD}.Debug|Any CPU.Build.0 = Debug|Any CPU
		{C458F975-0A24-45D9-A0FA-1CF47C57E4BD}.Release|Any CPU.ActiveCfg = Release|Any CPU
		{C458F975-0A24-45D9-A0FA-1CF47C57E4BD}.Release|Any CPU.Build.0 = Release|Any CPU
	EndGlobalSection
	GlobalSection(SolutionProperties) = preSolution
		HideSolutionNode = FALSE
	EndGlobalSection
	GlobalSection(ExtensibilityGlobals) = postSolution
		SolutionGuid = {98798476-6546-48C4-A954-34780C3E4A48}
	EndGlobalSection
EndGlobal
